
Microsoft Visual Studio Solution File, Format Version 12.00
# Visual Studio Version 17
VisualStudioVersion = 17.1.32210.238
MinimumVisualStudioVersion = 10.0.40219.1
Project("{9A19103F-16F7-4668-BE54-9A1E7A4F7556}") = "Connect4", "Connect4\Connect4.csproj", "{1A23AF30-CB27-44FE-BA53-C0F357F8BD00}"
EndProject
Project("{9A19103F-16F7-4668-BE54-9A1E7A4F7556}") = "Connect4.Api", "Connect4.Api\Connect4.Api.csproj", "{FF76F50A-28FB-484D-A0E7-B2F8F53A6297}"
EndProject
Project("{9A19103F-16F7-4668-BE54-9A1E7A4F7556}") = "Connect4.Domain", "Connect4.Domain\Connect4.Domain.csproj", "{4FC4BBBC-8CEF-4E12-BEDF-ECE605B177CB}"
EndProject
Project("{9A19103F-16F7-4668-BE54-9A1E7A4F7556}") = "Connect4.Migrations.MsSql", "Connect4.Migrations.MsSql\Connect4.Migrations.MsSql.csproj", "{C25AE51A-8426-4657-9DB1-B1499B5A7C39}"
EndProject
Project("{9A19103F-16F7-4668-BE54-9A1E7A4F7556}") = "Connect4.Data", "Connect4.Data\Connect4.Data.csproj", "{C9C09131-F9A1-4F1B-B13C-79F987B2BD2A}"
EndProject
Project("{9A19103F-16F7-4668-BE54-9A1E7A4F7556}") = "Connect4.Multiplayer", "Connect4.Multiplayer\Connect4.Multiplayer.csproj", "{53203C9F-76A8-4D6C-A172-0C065A0E8759}"
EndProject
Project("{9A19103F-16F7-4668-BE54-9A1E7A4F7556}") = "Connect4.Api.Client", "Connect4.Api.Client\Connect4.Api.Client.csproj", "{BD08BA89-4050-4420-BF0C-8CCC63A54E9A}"
EndProject
Project("{9A19103F-16F7-4668-BE54-9A1E7A4F7556}") = "Connect4.Api.Shared", "Connect4.Api.Shared\Connect4.Api.Shared.csproj", "{690F21DC-9A43-40D2-8E44-630B7A5A7610}"
EndProject
Project("{FAE04EC0-301F-11D3-BF4B-00C04F79EFBC}") = "Connect4.Migrations.Pg", "Connect4.Migrations.Pg\Connect4.Migrations.Pg.csproj", "{F593D642-5FF4-447C-93DB-EB5C2BE3C8B5}"
EndProject
Global
	GlobalSection(SolutionConfigurationPlatforms) = preSolution
		Debug|Any CPU = Debug|Any CPU
		Release|Any CPU = Release|Any CPU
	EndGlobalSection
	GlobalSection(ProjectConfigurationPlatforms) = postSolution
		{1A23AF30-CB27-44FE-BA53-C0F357F8BD00}.Debug|Any CPU.ActiveCfg = Debug|Any CPU
		{1A23AF30-CB27-44FE-BA53-C0F357F8BD00}.Debug|Any CPU.Build.0 = Debug|Any CPU
		{1A23AF30-CB27-44FE-BA53-C0F357F8BD00}.Release|Any CPU.ActiveCfg = Release|Any CPU
		{1A23AF30-CB27-44FE-BA53-C0F357F8BD00}.Release|Any CPU.Build.0 = Release|Any CPU
		{FF76F50A-28FB-484D-A0E7-B2F8F53A6297}.Debug|Any CPU.ActiveCfg = Debug|Any CPU
		{FF76F50A-28FB-484D-A0E7-B2F8F53A6297}.Debug|Any CPU.Build.0 = Debug|Any CPU
		{FF76F50A-28FB-484D-A0E7-B2F8F53A6297}.Release|Any CPU.ActiveCfg = Release|Any CPU
		{FF76F50A-28FB-484D-A0E7-B2F8F53A6297}.Release|Any CPU.Build.0 = Release|Any CPU
		{4FC4BBBC-8CEF-4E12-BEDF-ECE605B177CB}.Debug|Any CPU.ActiveCfg = Debug|Any CPU
		{4FC4BBBC-8CEF-4E12-BEDF-ECE605B177CB}.Debug|Any CPU.Build.0 = Debug|Any CPU
		{4FC4BBBC-8CEF-4E12-BEDF-ECE605B177CB}.Release|Any CPU.ActiveCfg = Release|Any CPU
		{4FC4BBBC-8CEF-4E12-BEDF-ECE605B177CB}.Release|Any CPU.Build.0 = Release|Any CPU
		{C25AE51A-8426-4657-9DB1-B1499B5A7C39}.Debug|Any CPU.ActiveCfg = Debug|Any CPU
		{C25AE51A-8426-4657-9DB1-B1499B5A7C39}.Debug|Any CPU.Build.0 = Debug|Any CPU
		{C25AE51A-8426-4657-9DB1-B1499B5A7C39}.Release|Any CPU.ActiveCfg = Release|Any CPU
		{C25AE51A-8426-4657-9DB1-B1499B5A7C39}.Release|Any CPU.Build.0 = Release|Any CPU
		{C9C09131-F9A1-4F1B-B13C-79F987B2BD2A}.Debug|Any CPU.ActiveCfg = Debug|Any CPU
		{C9C09131-F9A1-4F1B-B13C-79F987B2BD2A}.Debug|Any CPU.Build.0 = Debug|Any CPU
		{C9C09131-F9A1-4F1B-B13C-79F987B2BD2A}.Release|Any CPU.ActiveCfg = Release|Any CPU
		{C9C09131-F9A1-4F1B-B13C-79F987B2BD2A}.Release|Any CPU.Build.0 = Release|Any CPU
		{53203C9F-76A8-4D6C-A172-0C065A0E8759}.Debug|Any CPU.ActiveCfg = Debug|Any CPU
		{53203C9F-76A8-4D6C-A172-0C065A0E8759}.Debug|Any CPU.Build.0 = Debug|Any CPU
		{53203C9F-76A8-4D6C-A172-0C065A0E8759}.Release|Any CPU.ActiveCfg = Release|Any CPU
		{53203C9F-76A8-4D6C-A172-0C065A0E8759}.Release|Any CPU.Build.0 = Release|Any CPU
		{BD08BA89-4050-4420-BF0C-8CCC63A54E9A}.Debug|Any CPU.ActiveCfg = Debug|Any CPU
		{BD08BA89-4050-4420-BF0C-8CCC63A54E9A}.Debug|Any CPU.Build.0 = Debug|Any CPU
		{BD08BA89-4050-4420-BF0C-8CCC63A54E9A}.Release|Any CPU.ActiveCfg = Release|Any CPU
		{BD08BA89-4050-4420-BF0C-8CCC63A54E9A}.Release|Any CPU.Build.0 = Release|Any CPU
		{690F21DC-9A43-40D2-8E44-630B7A5A7610}.Debug|Any CPU.ActiveCfg = Debug|Any CPU
		{690F21DC-9A43-40D2-8E44-630B7A5A7610}.Debug|Any CPU.Build.0 = Debug|Any CPU
		{690F21DC-9A43-40D2-8E44-630B7A5A7610}.Release|Any CPU.ActiveCfg = Release|Any CPU
		{690F21DC-9A43-40D2-8E44-630B7A5A7610}.Release|Any CPU.Build.0 = Release|Any CPU
		{F593D642-5FF4-447C-93DB-EB5C2BE3C8B5}.Debug|Any CPU.ActiveCfg = Debug|Any CPU
		{F593D642-5FF4-447C-93DB-EB5C2BE3C8B5}.Debug|Any CPU.Build.0 = Debug|Any CPU
		{F593D642-5FF4-447C-93DB-EB5C2BE3C8B5}.Release|Any CPU.ActiveCfg = Release|Any CPU
		{F593D642-5FF4-447C-93DB-EB5C2BE3C8B5}.Release|Any CPU.Build.0 = Release|Any CPU
	EndGlobalSection
	GlobalSection(SolutionProperties) = preSolution
		HideSolutionNode = FALSE
	EndGlobalSection
	GlobalSection(ExtensibilityGlobals) = postSolution
		SolutionGuid = {468DB46D-270E-4E27-9A31-F74F692B965A}
	EndGlobalSection
EndGlobal
